
Microsoft Visual Studio Solution File, Format Version 12.00
# Visual Studio Version 17
VisualStudioVersion = 17.8.34330.188
MinimumVisualStudioVersion = 10.0.40219.1
Project("{9A19103F-16F7-4668-BE54-9A1E7A4F7556}") = "Crunchtime", "Crunchtime\Crunchtime.csproj", "{B87C89C2-D443-4770-BF8D-2E8713C7E625}"
EndProject
Project("{FAE04EC0-301F-11D3-BF4B-00C04F79EFBC}") = "CrunchtimeRazor", "CrunchtimeRazor\CrunchtimeRazor.csproj", "{C2BF8E7E-7F67-4E2C-B8BB-C274B0AC459F}"
EndProject
Global
	GlobalSection(SolutionConfigurationPlatforms) = preSolution
		Debug|Any CPU = Debug|Any CPU
		Release|Any CPU = Release|Any CPU
	EndGlobalSection
	GlobalSection(ProjectConfigurationPlatforms) = postSolution
		{B87C89C2-D443-4770-BF8D-2E8713C7E625}.Debug|Any CPU.ActiveCfg = Debug|Any CPU
		{B87C89C2-D443-4770-BF8D-2E8713C7E625}.Debug|Any CPU.Build.0 = Debug|Any CPU
		{B87C89C2-D443-4770-BF8D-2E8713C7E625}.Release|Any CPU.ActiveCfg = Release|Any CPU
		{B87C89C2-D443-4770-BF8D-2E8713C7E625}.Release|Any CPU.Build.0 = Release|Any CPU
		{C2BF8E7E-7F67-4E2C-B8BB-C274B0AC459F}.Debug|Any CPU.ActiveCfg = Debug|Any CPU
		{C2BF8E7E-7F67-4E2C-B8BB-C274B0AC459F}.Debug|Any CPU.Build.0 = Debug|Any CPU
		{C2BF8E7E-7F67-4E2C-B8BB-C274B0AC459F}.Release|Any CPU.ActiveCfg = Release|Any CPU
		{C2BF8E7E-7F67-4E2C-B8BB-C274B0AC459F}.Release|Any CPU.Build.0 = Release|Any CPU
	EndGlobalSection
	GlobalSection(SolutionProperties) = preSolution
		HideSolutionNode = FALSE
	EndGlobalSection
	GlobalSection(ExtensibilityGlobals) = postSolution
		SolutionGuid = {8529E789-E474-4D57-9EB8-64FEB1FF5F10}
	EndGlobalSection
EndGlobal
